
Microsoft Visual Studio Solution File, Format Version 11.00
# Visual Studio 2010
Project("{FAE04EC0-301F-11D3-BF4B-00C04F79EFBC}") = "TetrisReturn", "TetrisReturn\TetrisReturn.csproj", "{4A76CCA0-D520-4E2F-9DA0-39258A235BE4}"
EndProject
Project("{FAE04EC0-301F-11D3-BF4B-00C04F79EFBC}") = "MapPluginInterface", "MapPluginInterface\MapPluginInterface.csproj", "{BF092A8C-6205-4F2A-9D9E-5FD98DF482F4}"
EndProject
Project("{FAE04EC0-301F-11D3-BF4B-00C04F79EFBC}") = "TheClassicMapPlugin", "TheClassicMapPlugin\TheClassicMapPlugin.csproj", "{AFD03FD5-4FA3-4F55-8581-7B5C21E68924}"
EndProject
Project("{FAE04EC0-301F-11D3-BF4B-00C04F79EFBC}") = "TheDeathSawMapPlugin", "TheDeathSawMapPlugin\TheDeathSawMapPlugin.csproj", "{D6ED7C45-D7B4-46EA-AD16-E8F7F64AEFB8}"
EndProject
Project("{FAE04EC0-301F-11D3-BF4B-00C04F79EFBC}") = "TheHourglassMapPlugin", "TheHourglassMapPlugin\TheHourglassMapPlugin.csproj", "{1AD96647-1A2D-4D81-82C5-C9FD193422C8}"
EndProject
Project("{FAE04EC0-301F-11D3-BF4B-00C04F79EFBC}") = "TheOldBoardMapPlugin", "TheOldBoardMapPlugin\TheOldBoardMapPlugin.csproj", "{04791F97-01AE-41EA-979A-B3649FEEA908}"
EndProject
Project("{FAE04EC0-301F-11D3-BF4B-00C04F79EFBC}") = "TheRandomizeMapPlugin", "TheRandomizeMapPlugin\TheRandomizeMapPlugin.csproj", "{A624D3AE-F774-48A3-BB11-15E800F9306C}"
EndProject
Project("{FAE04EC0-301F-11D3-BF4B-00C04F79EFBC}") = "TheRazorBladeMapPlugin", "TheRazorBladeMapPlugin\TheRazorBladeMapPlugin.csproj", "{1C13C5A1-D2E6-4448-8D0A-EB38D829C348}"
EndProject
Project("{FAE04EC0-301F-11D3-BF4B-00C04F79EFBC}") = "TheSquareTimeMapPlugin", "TheSquareTimeMapPlugin\TheSquareTimeMapPlugin.csproj", "{117BA585-78AC-4ED7-A11F-E7544EF6907E}"
EndProject
Project("{FAE04EC0-301F-11D3-BF4B-00C04F79EFBC}") = "ThemePluginInterface", "ThemePluginInterface\ThemePluginInterface.csproj", "{12BAB21A-F35A-48FD-9C48-B58184414564}"
EndProject
Project("{FAE04EC0-301F-11D3-BF4B-00C04F79EFBC}") = "TheTransformerThemePlugin", "TheTransformerThemePlugin\TheTransformerThemePlugin.csproj", "{19B86768-C142-458D-9B3B-08B34261B3BF}"
EndProject
Project("{FAE04EC0-301F-11D3-BF4B-00C04F79EFBC}") = "TheSketchThemePlugin", "TheSketchThemePlugin\TheSketchThemePlugin.csproj", "{896EA655-B996-4648-BF65-194B212DD17D}"
EndProject
Project("{FAE04EC0-301F-11D3-BF4B-00C04F79EFBC}") = "TheStairwayToHeavenMapPlugin", "TheStairwayToHeavenMapPlugin\TheStairwayToHeavenMapPlugin.csproj", "{20DBF990-FB39-45DF-91FF-65FD5B16462A}"
EndProject
Global
	GlobalSection(SolutionConfigurationPlatforms) = preSolution
		Debug|Any CPU = Debug|Any CPU
		Debug|Mixed Platforms = Debug|Mixed Platforms
		Debug|x86 = Debug|x86
		Release|Any CPU = Release|Any CPU
		Release|Mixed Platforms = Release|Mixed Platforms
		Release|x86 = Release|x86
	EndGlobalSection
	GlobalSection(ProjectConfigurationPlatforms) = postSolution
		{4A76CCA0-D520-4E2F-9DA0-39258A235BE4}.Debug|Any CPU.ActiveCfg = Debug|x86
		{4A76CCA0-D520-4E2F-9DA0-39258A235BE4}.Debug|Mixed Platforms.ActiveCfg = Debug|x86
		{4A76CCA0-D520-4E2F-9DA0-39258A235BE4}.Debug|Mixed Platforms.Build.0 = Debug|x86
		{4A76CCA0-D520-4E2F-9DA0-39258A235BE4}.Debug|x86.ActiveCfg = Debug|x86
		{4A76CCA0-D520-4E2F-9DA0-39258A235BE4}.Debug|x86.Build.0 = Debug|x86
		{4A76CCA0-D520-4E2F-9DA0-39258A235BE4}.Release|Any CPU.ActiveCfg = Release|x86
		{4A76CCA0-D520-4E2F-9DA0-39258A235BE4}.Release|Mixed Platforms.ActiveCfg = Release|x86
		{4A76CCA0-D520-4E2F-9DA0-39258A235BE4}.Release|Mixed Platforms.Build.0 = Release|x86
		{4A76CCA0-D520-4E2F-9DA0-39258A235BE4}.Release|x86.ActiveCfg = Release|x86
		{4A76CCA0-D520-4E2F-9DA0-39258A235BE4}.Release|x86.Build.0 = Release|x86
		{BF092A8C-6205-4F2A-9D9E-5FD98DF482F4}.Debug|Any CPU.ActiveCfg = Debug|Any CPU
		{BF092A8C-6205-4F2A-9D9E-5FD98DF482F4}.Debug|Any CPU.Build.0 = Debug|Any CPU
		{BF092A8C-6205-4F2A-9D9E-5FD98DF482F4}.Debug|Mixed Platforms.ActiveCfg = Debug|Any CPU
		{BF092A8C-6205-4F2A-9D9E-5FD98DF482F4}.Debug|Mixed Platforms.Build.0 = Debug|Any CPU
		{BF092A8C-6205-4F2A-9D9E-5FD98DF482F4}.Debug|x86.ActiveCfg = Debug|Any CPU
		{BF092A8C-6205-4F2A-9D9E-5FD98DF482F4}.Release|Any CPU.ActiveCfg = Release|Any CPU
		{BF092A8C-6205-4F2A-9D9E-5FD98DF482F4}.Release|Any CPU.Build.0 = Release|Any CPU
		{BF092A8C-6205-4F2A-9D9E-5FD98DF482F4}.Release|Mixed Platforms.ActiveCfg = Release|Any CPU
		{BF092A8C-6205-4F2A-9D9E-5FD98DF482F4}.Release|Mixed Platforms.Build.0 = Release|Any CPU
		{BF092A8C-6205-4F2A-9D9E-5FD98DF482F4}.Release|x86.ActiveCfg = Release|Any CPU
		{AFD03FD5-4FA3-4F55-8581-7B5C21E68924}.Debug|Any CPU.ActiveCfg = Debug|Any CPU
		{AFD03FD5-4FA3-4F55-8581-7B5C21E68924}.Debug|Any CPU.Build.0 = Debug|Any CPU
		{AFD03FD5-4FA3-4F55-8581-7B5C21E68924}.Debug|Mixed Platforms.ActiveCfg = Debug|Any CPU
		{AFD03FD5-4FA3-4F55-8581-7B5C21E68924}.Debug|Mixed Platforms.Build.0 = Debug|Any CPU
		{AFD03FD5-4FA3-4F55-8581-7B5C21E68924}.Debug|x86.ActiveCfg = Debug|Any CPU
		{AFD03FD5-4FA3-4F55-8581-7B5C21E68924}.Release|Any CPU.ActiveCfg = Release|Any CPU
		{AFD03FD5-4FA3-4F55-8581-7B5C21E68924}.Release|Any CPU.Build.0 = Release|Any CPU
		{AFD03FD5-4FA3-4F55-8581-7B5C21E68924}.Release|Mixed Platforms.ActiveCfg = Release|Any CPU
		{AFD03FD5-4FA3-4F55-8581-7B5C21E68924}.Release|Mixed Platforms.Build.0 = Release|Any CPU
		{AFD03FD5-4FA3-4F55-8581-7B5C21E68924}.Release|x86.ActiveCfg = Release|Any CPU
		{D6ED7C45-D7B4-46EA-AD16-E8F7F64AEFB8}.Debug|Any CPU.ActiveCfg = Debug|Any CPU
		{D6ED7C45-D7B4-46EA-AD16-E8F7F64AEFB8}.Debug|Any CPU.Build.0 = Debug|Any CPU
		{D6ED7C45-D7B4-46EA-AD16-E8F7F64AEFB8}.Debug|Mixed Platforms.ActiveCfg = Debug|Any CPU
		{D6ED7C45-D7B4-46EA-AD16-E8F7F64AEFB8}.Debug|Mixed Platforms.Build.0 = Debug|Any CPU
		{D6ED7C45-D7B4-46EA-AD16-E8F7F64AEFB8}.Debug|x86.ActiveCfg = Debug|Any CPU
		{D6ED7C45-D7B4-46EA-AD16-E8F7F64AEFB8}.Release|Any CPU.ActiveCfg = Release|Any CPU
		{D6ED7C45-D7B4-46EA-AD16-E8F7F64AEFB8}.Release|Any CPU.Build.0 = Release|Any CPU
		{D6ED7C45-D7B4-46EA-AD16-E8F7F64AEFB8}.Release|Mixed Platforms.ActiveCfg = Release|Any CPU
		{D6ED7C45-D7B4-46EA-AD16-E8F7F64AEFB8}.Release|Mixed Platforms.Build.0 = Release|Any CPU
		{D6ED7C45-D7B4-46EA-AD16-E8F7F64AEFB8}.Release|x86.ActiveCfg = Release|Any CPU
		{1AD96647-1A2D-4D81-82C5-C9FD193422C8}.Debug|Any CPU.ActiveCfg = Debug|Any CPU
		{1AD96647-1A2D-4D81-82C5-C9FD193422C8}.Debug|Any CPU.Build.0 = Debug|Any CPU
		{1AD96647-1A2D-4D81-82C5-C9FD193422C8}.Debug|Mixed Platforms.ActiveCfg = Debug|Any CPU
		{1AD96647-1A2D-4D81-82C5-C9FD193422C8}.Debug|Mixed Platforms.Build.0 = Debug|Any CPU
		{1AD96647-1A2D-4D81-82C5-C9FD193422C8}.Debug|x86.ActiveCfg = Debug|Any CPU
		{1AD96647-1A2D-4D81-82C5-C9FD193422C8}.Release|Any CPU.ActiveCfg = Release|Any CPU
		{1AD96647-1A2D-4D81-82C5-C9FD193422C8}.Release|Any CPU.Build.0 = Release|Any CPU
		{1AD96647-1A2D-4D81-82C5-C9FD193422C8}.Release|Mixed Platforms.ActiveCfg = Release|Any CPU
		{1AD96647-1A2D-4D81-82C5-C9FD193422C8}.Release|Mixed Platforms.Build.0 = Release|Any CPU
		{1AD96647-1A2D-4D81-82C5-C9FD193422C8}.Release|x86.ActiveCfg = Release|Any CPU
		{04791F97-01AE-41EA-979A-B3649FEEA908}.Debug|Any CPU.ActiveCfg = Debug|Any CPU
		{04791F97-01AE-41EA-979A-B3649FEEA908}.Debug|Any CPU.Build.0 = Debug|Any CPU
		{04791F97-01AE-41EA-979A-B3649FEEA908}.Debug|Mixed Platforms.ActiveCfg = Debug|Any CPU
		{04791F97-01AE-41EA-979A-B3649FEEA908}.Debug|Mixed Platforms.Build.0 = Debug|Any CPU
		{04791F97-01AE-41EA-979A-B3649FEEA908}.Debug|x86.ActiveCfg = Debug|Any CPU
		{04791F97-01AE-41EA-979A-B3649FEEA908}.Release|Any CPU.ActiveCfg = Release|Any CPU
		{04791F97-01AE-41EA-979A-B3649FEEA908}.Release|Any CPU.Build.0 = Release|Any CPU
		{04791F97-01AE-41EA-979A-B3649FEEA908}.Release|Mixed Platforms.ActiveCfg = Release|Any CPU
		{04791F97-01AE-41EA-979A-B3649FEEA908}.Release|Mixed Platforms.Build.0 = Release|Any CPU
		{04791F97-01AE-41EA-979A-B3649FEEA908}.Release|x86.ActiveCfg = Release|Any CPU
		{A624D3AE-F774-48A3-BB11-15E800F9306C}.Debug|Any CPU.ActiveCfg = Debug|Any CPU
		{A624D3AE-F774-48A3-BB11-15E800F9306C}.Debug|Any CPU.Build.0 = Debug|Any CPU
		{A624D3AE-F774-48A3-BB11-15E800F9306C}.Debug|Mixed Platforms.ActiveCfg = Debug|Any CPU
		{A624D3AE-F774-48A3-BB11-15E800F9306C}.Debug|Mixed Platforms.Build.0 = Debug|Any CPU
		{A624D3AE-F774-48A3-BB11-15E800F9306C}.Debug|x86.ActiveCfg = Debug|Any CPU
		{A624D3AE-F774-48A3-BB11-15E800F9306C}.Release|Any CPU.ActiveCfg = Release|Any CPU
		{A624D3AE-F774-48A3-BB11-15E800F9306C}.Release|Any CPU.Build.0 = Release|Any CPU
		{A624D3AE-F774-48A3-BB11-15E800F9306C}.Release|Mixed Platforms.ActiveCfg = Release|Any CPU
		{A624D3AE-F774-48A3-BB11-15E800F9306C}.Release|Mixed Platforms.Build.0 = Release|Any CPU
		{A624D3AE-F774-48A3-BB11-15E800F9306C}.Release|x86.ActiveCfg = Release|Any CPU
		{1C13C5A1-D2E6-4448-8D0A-EB38D829C348}.Debug|Any CPU.ActiveCfg = Debug|Any CPU
		{1C13C5A1-D2E6-4448-8D0A-EB38D829C348}.Debug|Any CPU.Build.0 = Debug|Any CPU
		{1C13C5A1-D2E6-4448-8D0A-EB38D829C348}.Debug|Mixed Platforms.ActiveCfg = Debug|Any CPU
		{1C13C5A1-D2E6-4448-8D0A-EB38D829C348}.Debug|Mixed Platforms.Build.0 = Debug|Any CPU
		{1C13C5A1-D2E6-4448-8D0A-EB38D829C348}.Debug|x86.ActiveCfg = Debug|Any CPU
		{1C13C5A1-D2E6-4448-8D0A-EB38D829C348}.Release|Any CPU.ActiveCfg = Release|Any CPU
		{1C13C5A1-D2E6-4448-8D0A-EB38D829C348}.Release|Any CPU.Build.0 = Release|Any CPU
		{1C13C5A1-D2E6-4448-8D0A-EB38D829C348}.Release|Mixed Platforms.ActiveCfg = Release|Any CPU
		{1C13C5A1-D2E6-4448-8D0A-EB38D829C348}.Release|Mixed Platforms.Build.0 = Release|Any CPU
		{1C13C5A1-D2E6-4448-8D0A-EB38D829C348}.Release|x86.ActiveCfg = Release|Any CPU
		{117BA585-78AC-4ED7-A11F-E7544EF6907E}.Debug|Any CPU.ActiveCfg = Debug|Any CPU
		{117BA585-78AC-4ED7-A11F-E7544EF6907E}.Debug|Any CPU.Build.0 = Debug|Any CPU
		{117BA585-78AC-4ED7-A11F-E7544EF6907E}.Debug|Mixed Platforms.ActiveCfg = Debug|Any CPU
		{117BA585-78AC-4ED7-A11F-E7544EF6907E}.Debug|Mixed Platforms.Build.0 = Debug|Any CPU
		{117BA585-78AC-4ED7-A11F-E7544EF6907E}.Debug|x86.ActiveCfg = Debug|Any CPU
		{117BA585-78AC-4ED7-A11F-E7544EF6907E}.Release|Any CPU.ActiveCfg = Release|Any CPU
		{117BA585-78AC-4ED7-A11F-E7544EF6907E}.Release|Any CPU.Build.0 = Release|Any CPU
		{117BA585-78AC-4ED7-A11F-E7544EF6907E}.Release|Mixed Platforms.ActiveCfg = Release|Any CPU
		{117BA585-78AC-4ED7-A11F-E7544EF6907E}.Release|Mixed Platforms.Build.0 = Release|Any CPU
		{117BA585-78AC-4ED7-A11F-E7544EF6907E}.Release|x86.ActiveCfg = Release|Any CPU
		{12BAB21A-F35A-48FD-9C48-B58184414564}.Debug|Any CPU.ActiveCfg = Debug|Any CPU
		{12BAB21A-F35A-48FD-9C48-B58184414564}.Debug|Any CPU.Build.0 = Debug|Any CPU
		{12BAB21A-F35A-48FD-9C48-B58184414564}.Debug|Mixed Platforms.ActiveCfg = Debug|Any CPU
		{12BAB21A-F35A-48FD-9C48-B58184414564}.Debug|Mixed Platforms.Build.0 = Debug|Any CPU
		{12BAB21A-F35A-48FD-9C48-B58184414564}.Debug|x86.ActiveCfg = Debug|Any CPU
		{12BAB21A-F35A-48FD-9C48-B58184414564}.Release|Any CPU.ActiveCfg = Release|Any CPU
		{12BAB21A-F35A-48FD-9C48-B58184414564}.Release|Any CPU.Build.0 = Release|Any CPU
		{12BAB21A-F35A-48FD-9C48-B58184414564}.Release|Mixed Platforms.ActiveCfg = Release|Any CPU
		{12BAB21A-F35A-48FD-9C48-B58184414564}.Release|Mixed Platforms.Build.0 = Release|Any CPU
		{12BAB21A-F35A-48FD-9C48-B58184414564}.Release|x86.ActiveCfg = Release|Any CPU
		{19B86768-C142-458D-9B3B-08B34261B3BF}.Debug|Any CPU.ActiveCfg = Debug|Any CPU
		{19B86768-C142-458D-9B3B-08B34261B3BF}.Debug|Any CPU.Build.0 = Debug|Any CPU
		{19B86768-C142-458D-9B3B-08B34261B3BF}.Debug|Mixed Platforms.ActiveCfg = Debug|Any CPU
		{19B86768-C142-458D-9B3B-08B34261B3BF}.Debug|Mixed Platforms.Build.0 = Debug|Any CPU
		{19B86768-C142-458D-9B3B-08B34261B3BF}.Debug|x86.ActiveCfg = Debug|Any CPU
		{19B86768-C142-458D-9B3B-08B34261B3BF}.Release|Any CPU.ActiveCfg = Release|Any CPU
		{19B86768-C142-458D-9B3B-08B34261B3BF}.Release|Any CPU.Build.0 = Release|Any CPU
		{19B86768-C142-458D-9B3B-08B34261B3BF}.Release|Mixed Platforms.ActiveCfg = Release|Any CPU
		{19B86768-C142-458D-9B3B-08B34261B3BF}.Release|Mixed Platforms.Build.0 = Release|Any CPU
		{19B86768-C142-458D-9B3B-08B34261B3BF}.Release|x86.ActiveCfg = Release|Any CPU
		{896EA655-B996-4648-BF65-194B212DD17D}.Debug|Any CPU.ActiveCfg = Debug|Any CPU
		{896EA655-B996-4648-BF65-194B212DD17D}.Debug|Any CPU.Build.0 = Debug|Any CPU
		{896EA655-B996-4648-BF65-194B212DD17D}.Debug|Mixed Platforms.ActiveCfg = Debug|Any CPU
		{896EA655-B996-4648-BF65-194B212DD17D}.Debug|Mixed Platforms.Build.0 = Debug|Any CPU
		{896EA655-B996-4648-BF65-194B212DD17D}.Debug|x86.ActiveCfg = Debug|Any CPU
		{896EA655-B996-4648-BF65-194B212DD17D}.Release|Any CPU.ActiveCfg = Release|Any CPU
		{896EA655-B996-4648-BF65-194B212DD17D}.Release|Any CPU.Build.0 = Release|Any CPU
		{896EA655-B996-4648-BF65-194B212DD17D}.Release|Mixed Platforms.ActiveCfg = Release|Any CPU
		{896EA655-B996-4648-BF65-194B212DD17D}.Release|Mixed Platforms.Build.0 = Release|Any CPU
		{896EA655-B996-4648-BF65-194B212DD17D}.Release|x86.ActiveCfg = Release|Any CPU
		{20DBF990-FB39-45DF-91FF-65FD5B16462A}.Debug|Any CPU.ActiveCfg = Debug|Any CPU
		{20DBF990-FB39-45DF-91FF-65FD5B16462A}.Debug|Any CPU.Build.0 = Debug|Any CPU
		{20DBF990-FB39-45DF-91FF-65FD5B16462A}.Debug|Mixed Platforms.ActiveCfg = Debug|Any CPU
		{20DBF990-FB39-45DF-91FF-65FD5B16462A}.Debug|Mixed Platforms.Build.0 = Debug|Any CPU
		{20DBF990-FB39-45DF-91FF-65FD5B16462A}.Debug|x86.ActiveCfg = Debug|Any CPU
		{20DBF990-FB39-45DF-91FF-65FD5B16462A}.Release|Any CPU.ActiveCfg = Release|Any CPU
		{20DBF990-FB39-45DF-91FF-65FD5B16462A}.Release|Any CPU.Build.0 = Release|Any CPU
		{20DBF990-FB39-45DF-91FF-65FD5B16462A}.Release|Mixed Platforms.ActiveCfg = Release|Any CPU
		{20DBF990-FB39-45DF-91FF-65FD5B16462A}.Release|Mixed Platforms.Build.0 = Release|Any CPU
		{20DBF990-FB39-45DF-91FF-65FD5B16462A}.Release|x86.ActiveCfg = Release|Any CPU
	EndGlobalSection
	GlobalSection(SolutionProperties) = preSolution
		HideSolutionNode = FALSE
	EndGlobalSection
EndGlobal
